
Microsoft Visual Studio Solution File, Format Version 12.00
# Visual Studio Version 17
VisualStudioVersion = 17.1.32210.238
MinimumVisualStudioVersion = 10.0.40219.1
Project("{FAE04EC0-301F-11D3-BF4B-00C04F79EFBC}") = "Minimal API", "Minimal API\Minimal API.csproj", "{2B04DBF1-507F-4159-ADA7-92B2C2489100}"
EndProject
Global
	GlobalSection(SolutionConfigurationPlatforms) = preSolution
		Debug|Any CPU = Debug|Any CPU
		Release|Any CPU = Release|Any CPU
	EndGlobalSection
	GlobalSection(ProjectConfigurationPlatforms) = postSolution
		{2B04DBF1-507F-4159-ADA7-92B2C2489100}.Debug|Any CPU.ActiveCfg = Debug|Any CPU
		{2B04DBF1-507F-4159-ADA7-92B2C2489100}.Debug|Any CPU.Build.0 = Debug|Any CPU
		{2B04DBF1-507F-4159-ADA7-92B2C2489100}.Release|Any CPU.ActiveCfg = Release|Any CPU
		{2B04DBF1-507F-4159-ADA7-92B2C2489100}.Release|Any CPU.Build.0 = Release|Any CPU
	EndGlobalSection
	GlobalSection(SolutionProperties) = preSolution
		HideSolutionNode = FALSE
	EndGlobalSection
	GlobalSection(ExtensibilityGlobals) = postSolution
		SolutionGuid = {B990C2B4-B849-447B-B310-6152A18B6472}
	EndGlobalSection
EndGlobal
